
Microsoft Visual Studio Solution File, Format Version 12.00
# Visual Studio Version 17
VisualStudioVersion = 17.12.35527.113
MinimumVisualStudioVersion = 10.0.40219.1
Project("{2150E333-8FDC-42A3-9474-1A3956D46DE8}") = "test", "test", "{533E971A-3952-47EC-94E3-32558A39DFED}"
EndProject
Project("{2150E333-8FDC-42A3-9474-1A3956D46DE8}") = "src", "src", "{B0C83A9C-FAFC-4225-AC25-1CA854CC2BAB}"
EndProject
Project("{2150E333-8FDC-42A3-9474-1A3956D46DE8}") = "libs", "libs", "{9BFFE0CD-E889-442F-ADF4-C038145ECC32}"
EndProject
Project("{FAE04EC0-301F-11D3-BF4B-00C04F79EFBC}") = "Parser", "libs\Parser\Parser.csproj", "{3A26B358-5759-4DF7-9869-1EBBD7091735}"
EndProject
Project("{FAE04EC0-301F-11D3-BF4B-00C04F79EFBC}") = "Parser.Benchmark", "test\Parser.Benchmark\Parser.Benchmark.csproj", "{FF313AAB-9B10-4E41-B02C-E5B75D7722D0}"
EndProject
Project("{FAE04EC0-301F-11D3-BF4B-00C04F79EFBC}") = "Super.Test3", "test\Super.Test3\Super.Test3.csproj", "{7FC25FC5-C017-4B1D-B895-3631D71664D3}"
EndProject
Project("{FAE04EC0-301F-11D3-BF4B-00C04F79EFBC}") = "FileManager", "libs\FileManager\FileManager.csproj", "{2218F9CF-3905-44C5-BC6B-51B609DC1CFD}"
EndProject
Project("{FAE04EC0-301F-11D3-BF4B-00C04F79EFBC}") = "FileManager.Test", "test\FileManager.Test\FileManager.Test.csproj", "{04EEC11D-FBA3-4C9D-B86F-327162BFE815}"
EndProject
Global
	GlobalSection(SolutionConfigurationPlatforms) = preSolution
		Debug|Any CPU = Debug|Any CPU
		Release|Any CPU = Release|Any CPU
	EndGlobalSection
	GlobalSection(ProjectConfigurationPlatforms) = postSolution
		{3A26B358-5759-4DF7-9869-1EBBD7091735}.Debug|Any CPU.ActiveCfg = Debug|Any CPU
		{3A26B358-5759-4DF7-9869-1EBBD7091735}.Debug|Any CPU.Build.0 = Debug|Any CPU
		{3A26B358-5759-4DF7-9869-1EBBD7091735}.Release|Any CPU.ActiveCfg = Release|Any CPU
		{3A26B358-5759-4DF7-9869-1EBBD7091735}.Release|Any CPU.Build.0 = Release|Any CPU
		{FF313AAB-9B10-4E41-B02C-E5B75D7722D0}.Debug|Any CPU.ActiveCfg = Debug|Any CPU
		{FF313AAB-9B10-4E41-B02C-E5B75D7722D0}.Debug|Any CPU.Build.0 = Debug|Any CPU
		{FF313AAB-9B10-4E41-B02C-E5B75D7722D0}.Release|Any CPU.ActiveCfg = Release|Any CPU
		{FF313AAB-9B10-4E41-B02C-E5B75D7722D0}.Release|Any CPU.Build.0 = Release|Any CPU
		{7FC25FC5-C017-4B1D-B895-3631D71664D3}.Debug|Any CPU.ActiveCfg = Debug|Any CPU
		{7FC25FC5-C017-4B1D-B895-3631D71664D3}.Debug|Any CPU.Build.0 = Debug|Any CPU
		{7FC25FC5-C017-4B1D-B895-3631D71664D3}.Release|Any CPU.ActiveCfg = Release|Any CPU
		{7FC25FC5-C017-4B1D-B895-3631D71664D3}.Release|Any CPU.Build.0 = Release|Any CPU
		{2218F9CF-3905-44C5-BC6B-51B609DC1CFD}.Debug|Any CPU.ActiveCfg = Debug|Any CPU
		{2218F9CF-3905-44C5-BC6B-51B609DC1CFD}.Debug|Any CPU.Build.0 = Debug|Any CPU
		{2218F9CF-3905-44C5-BC6B-51B609DC1CFD}.Release|Any CPU.ActiveCfg = Release|Any CPU
		{2218F9CF-3905-44C5-BC6B-51B609DC1CFD}.Release|Any CPU.Build.0 = Release|Any CPU
		{04EEC11D-FBA3-4C9D-B86F-327162BFE815}.Debug|Any CPU.ActiveCfg = Debug|Any CPU
		{04EEC11D-FBA3-4C9D-B86F-327162BFE815}.Debug|Any CPU.Build.0 = Debug|Any CPU
		{04EEC11D-FBA3-4C9D-B86F-327162BFE815}.Release|Any CPU.ActiveCfg = Release|Any CPU
		{04EEC11D-FBA3-4C9D-B86F-327162BFE815}.Release|Any CPU.Build.0 = Release|Any CPU
	EndGlobalSection
	GlobalSection(SolutionProperties) = preSolution
		HideSolutionNode = FALSE
	EndGlobalSection
	GlobalSection(NestedProjects) = preSolution
		{3A26B358-5759-4DF7-9869-1EBBD7091735} = {9BFFE0CD-E889-442F-ADF4-C038145ECC32}
		{FF313AAB-9B10-4E41-B02C-E5B75D7722D0} = {533E971A-3952-47EC-94E3-32558A39DFED}
		{7FC25FC5-C017-4B1D-B895-3631D71664D3} = {533E971A-3952-47EC-94E3-32558A39DFED}
		{2218F9CF-3905-44C5-BC6B-51B609DC1CFD} = {9BFFE0CD-E889-442F-ADF4-C038145ECC32}
		{04EEC11D-FBA3-4C9D-B86F-327162BFE815} = {533E971A-3952-47EC-94E3-32558A39DFED}
	EndGlobalSection
	GlobalSection(ExtensibilityGlobals) = postSolution
		SolutionGuid = {BBA13C42-4420-4D16-A49C-7451734E33FE}
	EndGlobalSection
EndGlobal
